lockfileVersion: '9.0'

settings:
  autoInstallPeers: true
  excludeLinksFromLockfile: false

importers:

  .:
    dependencies:
      '@ai-sdk/openai':
        specifier: ^1.1.0
        version: 1.1.0(zod@3.23.8)
      ai:
        specifier: ^3.2.24
        version: 3.3.3(openai@4.68.4(zod@3.23.8))(react@18.3.1)(sswr@2.1.0(svelte@4.2.18))(svelte@4.2.18)(vue@3.4.36(typescript@5.6.3))(zod@3.23.8)
      composio-core:
        specifier: 0.4.8
        version: 0.4.8
      dotenv:
        specifier: ^16.4.5
        version: 16.4.5
      zod:
        specifier: ^3.23.8
        version: 3.23.8

packages:

  '@ai-sdk/openai@1.1.0':
    resolution: {integrity: sha512-D2DaGMK89yYgO32n4Gr7gBJeJGGGS27gdfzYFMRDXlZmKh7VW1WXBp3FXxDwpmt0CgLoVI4qV8lf+gslah+kWw==}
    engines: {node: '>=18'}
    peerDependencies:
      zod: ^3.0.0

  '@ai-sdk/provider-utils@1.0.8':
    resolution: {integrity: sha512-FLAwVhycHSPINBSyDB4Y+t7UXLdXwhhzrJFXgKHXYmFP9K54KFhfWguKKjq9/MwhpNBt3hDg+Zty4cIASyX7VQ==}
    engines: {node: '>=18'}
    peerDependencies:
      zod: ^3.0.0
    peerDependenciesMeta:
      zod:
        optional: true

  '@ai-sdk/provider-utils@2.1.0':
    resolution: {integrity: sha512-rBUabNoyB25PBUjaiMSk86fHNSCqTngNZVvXxv8+6mvw47JX5OexW+ZHRsEw8XKTE8+hqvNFVzctaOrRZ2i9Zw==}
    engines: {node: '>=18'}
    peerDependencies:
      zod: ^3.0.0
    peerDependenciesMeta:
      zod:
        optional: true

  '@ai-sdk/provider@0.0.16':
    resolution: {integrity: sha512-PnNUvedxoCvkyzcA5otNHi5xQdTiw58Ql4m9I9kT8I/Zs2R7RRNkvvCbbRfRztWvIpZvvA2q/UTO7xJHhleY7Q==}
    engines: {node: '>=18'}

  '@ai-sdk/provider@1.0.4':
    resolution: {integrity: sha512-lJi5zwDosvvZER3e/pB8lj1MN3o3S7zJliQq56BRr4e9V3fcRyFtwP0JRxaRS5vHYX3OJ154VezVoQNrk0eaKw==}
    engines: {node: '>=18'}

  '@ai-sdk/react@0.0.39':
    resolution: {integrity: sha512-F4g+u5+RAVXeGpnwhUMleSlOXd3XG4h6r2nXkcHp8OBRFXunzKcDyc5ET90+HC+eDQQqZosVGn7rslRvnw8QnA==}
    engines: {node: '>=18'}
    peerDependencies:
      react: ^18 || ^19
      zod: ^3.0.0
    peerDependenciesMeta:
      react:
        optional: true
      zod:
        optional: true

  '@ai-sdk/solid@0.0.30':
    resolution: {integrity: sha512-AhT1UWbcGB+G1W+odunwiO33HCP/WFCUGEq5OKZt6Xo850k2m5jCLTl9PqGhdn/IAcpAATJKmVCG9PMR1LyNyw==}
    engines: {node: '>=18'}
    peerDependencies:
      solid-js: ^1.7.7
    peerDependenciesMeta:
      solid-js:
        optional: true

  '@ai-sdk/svelte@0.0.32':
    resolution: {integrity: sha512-KawwKNnHlQ8RZy7S1A60WyHRyOqdUFj3gp1jOJHb4GoYYTfSjvlJB+IZsVttCnlxsajgvwgHIE7QFm0LkXcS8g==}
    engines: {node: '>=18'}
    peerDependencies:
      svelte: ^3.0.0 || ^4.0.0
    peerDependenciesMeta:
      svelte:
        optional: true

  '@ai-sdk/ui-utils@0.0.27':
    resolution: {integrity: sha512-XQaKMLg/KAml7Rt0zdny7AJOXZWZsGp/vQ70F2c9eD/ABkGzHNjWRVVpfYJgHoQxc9KRK/mrGEJEZFFqm2yyHw==}
    engines: {node: '>=18'}
    peerDependencies:
      zod: ^3.0.0
    peerDependenciesMeta:
      zod:
        optional: true

  '@ai-sdk/vue@0.0.31':
    resolution: {integrity: sha512-/reWD7JCNOdTVnlVDybYUE4cZu0DYmqAX9crss937BivbueVSI1DGJwELz19RjtngJpQXwV7e9fvdOzx6nJDdw==}
    engines: {node: '>=18'}
    peerDependencies:
      vue: ^3.3.4
    peerDependenciesMeta:
      vue:
        optional: true

  '@ampproject/remapping@2.3.0':
    resolution: {integrity: sha512-30iZtAPgz+LTIYoeivqYo853f02jBYSd5uGnGpkFV0M3xOt9aN73erkgYAmZU43x4VfqcnLxW9Kpg3R5LC4YYw==}
    engines: {node: '>=6.0.0'}

  '@babel/helper-string-parser@7.25.9':
    resolution: {integrity: sha512-4A/SCr/2KLd5jrtOMFzaKjVtAei3+2r/NChoBNoZ3EyP/+GlhoaEGoWOZUmFmoITP7zOJyHIMm+DYRd8o3PvHA==}
    engines: {node: '>=6.9.0'}

  '@babel/helper-validator-identifier@7.25.9':
    resolution: {integrity: sha512-Ed61U6XJc3CVRfkERJWDz4dJwKe7iLmmJsbOGu9wSloNSFttHV0I8g6UAgb7qnK5ly5bGLPd4oXZlxCdANBOWQ==}
    engines: {node: '>=6.9.0'}

  '@babel/parser@7.26.5':
    resolution: {integrity: sha512-SRJ4jYmXRqV1/Xc+TIVG84WjHBXKlxO9sHQnA2Pf12QQEAp1LOh6kDzNHXcUnbH1QI0FDoPPVOt+vyUDucxpaw==}
    engines: {node: '>=6.0.0'}
    hasBin: true

  '@babel/types@7.26.5':
    resolution: {integrity: sha512-L6mZmwFDK6Cjh1nRCLXpa6no13ZIioJDz7mdkzHv399pThrTa/k0nUlNaenOeh2kWu/iaOQYElEpKPUswUa9Vg==}
    engines: {node: '>=6.9.0'}

  '@jridgewell/gen-mapping@0.3.8':
    resolution: {integrity: sha512-imAbBGkb+ebQyxKgzv5Hu2nmROxoDOXHh80evxdoXNOrvAnVx7zimzc1Oo5h9RlfV4vPXaE2iM5pOFbvOCClWA==}
    engines: {node: '>=6.0.0'}

  '@jridgewell/resolve-uri@3.1.2':
    resolution: {integrity: sha512-bRISgCIjP20/tbWSPWMEi54QVPRZExkuD9lJL+UIxUKtwVJA8wW1Trb1jMs1RFXo1CBTNZ/5hpC9QvmKWdopKw==}
    engines: {node: '>=6.0.0'}

  '@jridgewell/set-array@1.2.1':
    resolution: {integrity: sha512-R8gLRTZeyp03ymzP/6Lil/28tGeGEzhx1q2k703KGWRAI1VdvPIXdG70VJc2pAMw3NA6JKL5hhFu1sJX0Mnn/A==}
    engines: {node: '>=6.0.0'}

  '@jridgewell/sourcemap-codec@1.5.0':
    resolution: {integrity: sha512-gv3ZRaISU3fjPAgNsriBRqGWQL6quFx04YMPW/zD8XMLsU32mhCCbfbO6KZFLjvYpCZ8zyDEgqsgf+PwPaM7GQ==}

  '@jridgewell/trace-mapping@0.3.25':
    resolution: {integrity: sha512-vNk6aEwybGtawWmy/PzwnGDOjCkLWSD2wqvjGGAgOAwCGWySYXfYoxt00IJkTF+8Lb57DwOb3Aa0o9CApepiYQ==}

  '@opentelemetry/api@1.9.0':
    resolution: {integrity: sha512-3giAOQvZiH5F9bMlMiv8+GSPMeqg0dbaeo58/0SlA9sxSqZhnUtxzX9/2FzyhS9sWQf5S0GJE0AKBrFqjpeYcg==}
    engines: {node: '>=8.0.0'}

  '@types/diff-match-patch@1.0.36':
    resolution: {integrity: sha512-xFdR6tkm0MWvBfO8xXCSsinYxHcqkQUlcHeSpMC2ukzOb6lwQAfDmW+Qt0AvlGd8HpsS28qKsB+oPeJn9I39jg==}

  '@types/estree@1.0.6':
    resolution: {integrity: sha512-AYnb1nQyY49te+VRAVgmzfcgjYS91mY5P0TKUDCLEM+gNnA+3T6rWITXRLYCpahpqSQbN5cE+gHpnPyXjHWxcw==}

  '@types/node-fetch@2.6.12':
    resolution: {integrity: sha512-8nneRWKCg3rMtF69nLQJnOYUcbafYeFSjqkw3jCRLsqkWFlHaoQrr5mXmofFGOx3DKn7UfmBMyov8ySvLRVldA==}

  '@types/node@18.19.71':
    resolution: {integrity: sha512-evXpcgtZm8FY4jqBSN8+DmOTcVkkvTmAayeo4Wf3m1xAruyVGzGuDh/Fb/WWX2yLItUiho42ozyJjB0dw//Tkw==}

  '@vue/compiler-core@3.4.36':
    resolution: {integrity: sha512-qBkndgpwFKdupmOPoiS10i7oFdN7a+4UNDlezD0GlQ1kuA1pNrscg9g12HnB5E8hrWSuEftRsbJhL1HI2zpJhg==}

  '@vue/compiler-dom@3.4.36':
    resolution: {integrity: sha512-eEIjy4GwwZTFon/Y+WO8tRRNGqylaRlA79T1RLhUpkOzJ7EtZkkb8MurNfkqY6x6Qiu0R7ESspEF7GkPR/4yYg==}

  '@vue/compiler-sfc@3.4.36':
    resolution: {integrity: sha512-rhuHu7qztt/rNH90dXPTzhB7hLQT2OC4s4GrPVqmzVgPY4XBlfWmcWzn4bIPEWNImt0CjO7kfHAf/1UXOtx3vw==}

  '@vue/compiler-ssr@3.4.36':
    resolution: {integrity: sha512-Wt1zyheF0zVvRJyhY74uxQbnkXV2Le/JPOrAxooR4rFYKC7cFr+cRqW6RU3cM/bsTy7sdZ83IDuy/gLPSfPGng==}

  '@vue/reactivity@3.4.36':
    resolution: {integrity: sha512-wN1aoCwSoqrt1yt8wO0gc13QaC+Vk1o6AoSt584YHNnz6TGDhh1NCMUYgAnvp4HEIkLdGsaC1bvu/P+wpoDEXw==}

  '@vue/runtime-core@3.4.36':
    resolution: {integrity: sha512-9+TR14LAVEerZWLOm/N/sG2DVYhrH2bKgFrbH/FVt/Q8Jdw4OtdcGMRC6Tx8VAo0DA1eqAqrZaX0fbOaOxxZ4A==}

  '@vue/runtime-dom@3.4.36':
    resolution: {integrity: sha512-2Qe2fKkLxgZBVvHrG0QMNLL4bsx7Ae88pyXebY2WnQYABpOnGYvA+axMbcF9QwM4yxnsv+aELbC0eiNVns7mGw==}

  '@vue/server-renderer@3.4.36':
    resolution: {integrity: sha512-2XW90Rq8+Y7S1EIsAuubZVLm0gCU8HYb5mRAruFdwfC3XSOU5/YKePz29csFzsch8hXaY5UHh7ZMddmi1XTJEA==}
    peerDependencies:
      vue: 3.4.36

  '@vue/shared@3.4.36':
    resolution: {integrity: sha512-fdPLStwl1sDfYuUftBaUVn2pIrVFDASYerZSrlBvVBfylObPA1gtcWJHy5Ox8jLEJ524zBibss488Q3SZtU1uA==}

  abort-controller@3.0.0:
    resolution: {integrity: sha512-h8lQ8tacZYnR3vNQTgibj+tODHI5/+l06Au2Pcriv/Gmet0eaj4TwWH41sO9wnHDiQsEj19q0drzdWdeAHtweg==}
    engines: {node: '>=6.5'}

  acorn@8.14.0:
    resolution: {integrity: sha512-cl669nCJTZBsL97OF4kUQm5g5hC2uihk0NxY3WENAC0TYdILVkAyHymAntgxGkl7K+t0cXIrH5siy5S4XkFycA==}
    engines: {node: '>=0.4.0'}
    hasBin: true

  agentkeepalive@4.6.0:
    resolution: {integrity: sha512-kja8j7PjmncONqaTsB8fQ+wE2mSU2DJ9D4XKoJ5PFWIdRMa6SLSN1ff4mOr4jCbfRSsxR4keIiySJU0N9T5hIQ==}
    engines: {node: '>= 8.0.0'}

  ai@3.3.3:
    resolution: {integrity: sha512-sIwaIDVIQyIMe7KsdrRIEjtVdi3EbqcNnD9ejzuinIoYhfxMpt9POXWnq2R7iC26wqkqOhPuKWePJ8nqYzUYIA==}
    engines: {node: '>=18'}
    peerDependencies:
      openai: ^4.42.0
      react: ^18 || ^19
      sswr: ^2.1.0
      svelte: ^3.0.0 || ^4.0.0
      zod: ^3.0.0
    peerDependenciesMeta:
      openai:
        optional: true
      react:
        optional: true
      sswr:
        optional: true
      svelte:
        optional: true
      zod:
        optional: true

  aria-query@5.3.2:
    resolution: {integrity: sha512-COROpnaoap1E2F000S62r6A60uHZnmlvomhfyT2DlTcrY1OrBKn2UhH7qn5wTC9zMvD0AY7csdPSNwKP+7WiQw==}
    engines: {node: '>= 0.4'}

  asynckit@0.4.0:
    resolution: {integrity: sha512-Oei9OH4tRh0YqU3GxhX79dM/mwVgvbZJaSNaRk+bshkj0S5cfHcgYakreBjrHwatXKbz+IoIdYLxrKim2MjW0Q==}

  axobject-query@4.1.0:
    resolution: {integrity: sha512-qIj0G9wZbMGNLjLmg1PT6v2mE9AH2zlnADJD/2tC6E00hgmhUOfEB6greHPAfLRSufHqROIUTkw6E+M3lH0PTQ==}
    engines: {node: '>= 0.4'}

  chalk@5.3.0:
    resolution: {integrity: sha512-dLitG79d+GV1Nb/VYcCDFivJeK1hiukt9QjRNVOsUtTy1rR1YJsmpGGTZ3qJos+uw7WmWF4wUwBd9jxjocFC2w==}
    engines: {node: ^12.17.0 || ^14.13 || >=16.0.0}

  client-only@0.0.1:
    resolution: {integrity: sha512-IV3Ou0jSMzZrd3pZ48nLkT9DA7Ag1pnPzaiQhpW7c3RbcqqzvzzVu+L8gfqMp/8IM2MQtSiqaCxrrcfu8I8rMA==}

  code-red@1.0.4:
    resolution: {integrity: sha512-7qJWqItLA8/VPVlKJlFXU+NBlo/qyfs39aJcuMT/2ere32ZqvF5OSxgdM5xOfJJ7O429gg2HM47y8v9P+9wrNw==}

  combined-stream@1.0.8:
    resolution: {integrity: sha512-FQN4MRfuJeHf7cBbBMJFXhKSDq+2kAArBlmRBvcvFE5BB1HZKXtSFASDhdlz9zOYwxh8lDdnvmMOe/+5cdoEdg==}
    engines: {node: '>= 0.8'}

  composio-core@0.4.8:
    resolution: {integrity: sha512-XcC3zib6M7o+zgk5gCqE/BNXKqR0uyonOaaRNO4jKbIjArihKrk0MPXC5dF1V23GvsN+qA4OF0tFmQl8poOjTA==}
    hasBin: true

  css-tree@2.3.1:
    resolution: {integrity: sha512-6Fv1DV/TYw//QF5IzQdqsNDjx/wc8TrMBZsqjL9eW01tWb7R7k/mq+/VXfJCl7SoD5emsJop9cOByJZfs8hYIw==}
    engines: {node: ^10 || ^12.20.0 || ^14.13.0 || >=15.0.0}

  csstype@3.1.3:
    resolution: {integrity: sha512-M1uQkMl8rQK/szD0LNhtqxIPLpimGm8sOBwU7lLnCpSbTyY3yeU1Vc7l4KT5zT4s/yOxHH5O7tIuuLOCnLADRw==}

  delayed-stream@1.0.0:
    resolution: {integrity: sha512-ZySD7Nf91aLB0RxL4KGrKHBXl7Eds1DAmEdcoVawXnLD7SDhpNgtuII2aAkg7a7QS41jxPSZ17p4VdGnMHk3MQ==}
    engines: {node: '>=0.4.0'}

  diff-match-patch@1.0.5:
    resolution: {integrity: sha512-IayShXAgj/QMXgB0IWmKx+rOPuGMhqm5w6jvFxmVenXKIzRqTAAsbBPT3kWQeGANj3jGgvcvv4yK6SxqYmikgw==}

  dotenv@16.4.5:
    resolution: {integrity: sha512-ZmdL2rui+eB2YwhsWzjInR8LldtZHGDoQ1ugH85ppHKwpUHL7j7rN0Ti9NCnGiQbhaZ11FpR+7ao1dNsmduNUg==}
    engines: {node: '>=12'}

  entities@5.0.0:
    resolution: {integrity: sha512-BeJFvFRJddxobhvEdm5GqHzRV/X+ACeuw0/BuuxsCh1EUZcAIz8+kYmBp/LrQuloy6K1f3a0M7+IhmZ7QnkISA==}
    engines: {node: '>=0.12'}

  estree-walker@2.0.2:
    resolution: {integrity: sha512-Rfkk/Mp/DL7JVje3u18FxFujQlTNR2q6QfMSMB7AvCBx91NGj/ba3kCfza0f6dVDbw7YlRf/nDrn7pQrCCyQ/w==}

  estree-walker@3.0.3:
    resolution: {integrity: sha512-7RUKfXgSMMkzt6ZuXmqapOurLGPPfgj6l9uRZ7lRGolvk0y2yocc35LdcxKC5PQZdn2DMqioAQ2NoWcrTKmm6g==}

  event-target-shim@5.0.1:
    resolution: {integrity: sha512-i/2XbnSz/uxRCU6+NdVJgKWDTM427+MqYbkQzD321DuCQJUqOuJKIA0IM2+W2xtYHdKOmZ4dR6fExsd4SXL+WQ==}
    engines: {node: '>=6'}

  eventsource-parser@1.1.2:
    resolution: {integrity: sha512-v0eOBUbiaFojBu2s2NPBfYUoRR9GjcDNvCXVaqEf5vVfpIAh9f8RCo4vXTP8c63QRKCFwoLpMpTdPwwhEKVgzA==}
    engines: {node: '>=14.18'}

  eventsource-parser@3.0.0:
    resolution: {integrity: sha512-T1C0XCUimhxVQzW4zFipdx0SficT651NnkR0ZSH3yQwh+mFMdLfgjABVi4YtMTtaL4s168593DaoaRLMqryavA==}
    engines: {node: '>=18.0.0'}

  form-data-encoder@1.7.2:
    resolution: {integrity: sha512-qfqtYan3rxrnCk1VYaA4H+Ms9xdpPqvLZa6xmMgFvhO32x7/3J/ExcTd6qpxM0vH2GdMI+poehyBZvqfMTto8A==}

  form-data@4.0.1:
    resolution: {integrity: sha512-tzN8e4TX8+kkxGPK8D5u0FNmjPUjw3lwC9lSLxxoB/+GtsJG91CO8bSWy73APlgAZzZbXEYZJuxjkHH2w+Ezhw==}
    engines: {node: '>= 6'}

  formdata-node@4.4.1:
    resolution: {integrity: sha512-0iirZp3uVDjVGt9p49aTaqjk84TrglENEDuqfdlZQ1roC9CWlPk6Avf8EEnZNcAqPonwkG35x4n3ww/1THYAeQ==}
    engines: {node: '>= 12.20'}

  humanize-ms@1.2.1:
    resolution: {integrity: sha512-Fl70vYtsAFb/C06PTS9dZBo7ihau+Tu/DNCk/OyHhea07S+aeMWpFFkUaXRa8fI+ScZbEI8dfSxwY7gxZ9SAVQ==}

  is-reference@3.0.3:
    resolution: {integrity: sha512-ixkJoqQvAP88E6wLydLGGqCJsrFUnqoH6HnaczB8XmDH1oaWU+xxdptvikTgaEhtZ53Ky6YXiBuUI2WXLMCwjw==}

  js-tokens@4.0.0:
    resolution: {integrity: sha512-RdJUflcE3cUzKiMqQgsCu06FPu9UdIJO0beYbPhHN4k6apgJtifcoCtT9bcxOpYBtpD2kCM6Sbzg4CausW/PKQ==}

  json-schema@0.4.0:
    resolution: {integrity: sha512-es94M3nTIfsEPisRafak+HDLfHXnKBhV3vU5eqPcS3flIWqcxJWgXHXiey3YrpaNsanY5ei1VoYEbOzijuq9BA==}

  jsondiffpatch@0.6.0:
    resolution: {integrity: sha512-3QItJOXp2AP1uv7waBkao5nCvhEv+QmJAd38Ybq7wNI74Q+BBmnLn4EDKz6yI9xGAIQoUF87qHt+kc1IVxB4zQ==}
    engines: {node: ^18.0.0 || >=20.0.0}
    hasBin: true

  locate-character@3.0.0:
    resolution: {integrity: sha512-SW13ws7BjaeJ6p7Q6CO2nchbYEc3X3J6WrmTTDto7yMPqVSZTUyY5Tjbid+Ab8gLnATtygYtiDIJGQRRn2ZOiA==}

  loose-envify@1.4.0:
    resolution: {integrity: sha512-lyuxPGr/Wfhrlem2CL/UcnUc1zcqKAImBDzukY7Y5F/yQiNdko6+fRLevlw1HgMySw7f611UIY408EtxRSoK3Q==}
    hasBin: true

  magic-string@0.30.17:
    resolution: {integrity: sha512-sNPKHvyjVf7gyjwS4xGTaW/mCnF8wnjtifKBEhxfZ7E/S8tQ0rssrwGNn6q8JH/ohItJfSQp9mBtQYuTlH5QnA==}

  mdn-data@2.0.30:
    resolution: {integrity: sha512-GaqWWShW4kv/G9IEucWScBx9G1/vsFZZJUO+tD26M8J8z3Kw5RDQjaoZe03YAClgeS/SWPOcb4nkFBTEi5DUEA==}

  mime-db@1.52.0:
    resolution: {integrity: sha512-sPU4uV7dYlvtWJxwwxHD0PuihVNiE7TyAbQ5SWxDCB9mUYvOgroQOwYQQOKPJ8CIbE+1ETVlOoK1UC2nU3gYvg==}
    engines: {node: '>= 0.6'}

  mime-types@2.1.35:
    resolution: {integrity: sha512-ZDY+bPm5zTTF+YpCrAU9nK0UgICYPT0QtT1NZWFv4s++TNkcgVaT0g6+4R2uI4MjQjzysHB1zxuWL50hzaeXiw==}
    engines: {node: '>= 0.6'}

  ms@2.1.3:
    resolution: {integrity: sha512-6FlzubTLZG3J2a/NVCAleEhjzq5oxgHyaCU9yYXvcLsvoVaHJq/s5xXI6/XXP6tz7R9xAOtHnSO/tXtF3WRTlA==}

  nanoid@3.3.6:
    resolution: {integrity: sha512-BGcqMMJuToF7i1rt+2PWSNVnWIkGCU78jBG3RxO/bZlnZPK2Cmi2QaffxGO/2RvWi9sL+FAiRiXMgsyxQ1DIDA==}
    engines: {node: ^10 || ^12 || ^13.7 || ^14 || >=15.0.1}
    hasBin: true

  nanoid@3.3.8:
    resolution: {integrity: sha512-WNLf5Sd8oZxOm+TzppcYk8gVOgP+l58xNy58D0nbUnOxOWRWvlcCV4kUF7ltmI6PsrLl/BgKEyS4mqsGChFN0w==}
    engines: {node: ^10 || ^12 || ^13.7 || ^14 || >=15.0.1}
    hasBin: true

  node-domexception@1.0.0:
    resolution: {integrity: sha512-/jKZoMpw0F8GRwl4/eLROPA3cfcXtLApP0QzLmUT/HuPCZWyB7IY9ZrMeKw2O/nFIqPQB3PVM9aYm0F312AXDQ==}
    engines: {node: '>=10.5.0'}

  node-fetch@2.7.0:
    resolution: {integrity: sha512-c4FRfUm/dbcWZ7U+1Wq0AwCyFL+3nt2bEw05wfxSz+DWpWsitgmSgYmy2dQdWyKC1694ELPqMs/YzUSNozLt8A==}
    engines: {node: 4.x || >=6.0.0}
    peerDependencies:
      encoding: ^0.1.0
    peerDependenciesMeta:
      encoding:
        optional: true

  openai@4.68.4:
    resolution: {integrity: sha512-LRinV8iU9VQplkr25oZlyrsYGPGasIwYN8KFMAAFTHHLHjHhejtJ5BALuLFrkGzY4wfbKhOhuT+7lcHZ+F3iEA==}
    hasBin: true
    peerDependencies:
      zod: ^3.23.8
    peerDependenciesMeta:
      zod:
        optional: true

  periscopic@3.1.0:
    resolution: {integrity: sha512-vKiQ8RRtkl9P+r/+oefh25C3fhybptkHKCZSPlcXiJux2tJF55GnEj3BVn4A5gKfq9NWWXXrxkHBwVPUfH0opw==}

  picocolors@1.1.1:
    resolution: {integrity: sha512-xceH2snhtb5M9liqDsmEw56le376mTZkEX/jEb/RxNFyegNul7eNslCXP9FDj/Lcu0X8KEyMceP2ntpaHrDEVA==}

  postcss@8.5.1:
    resolution: {integrity: sha512-6oz2beyjc5VMn/KV1pPw8fliQkhBXrVn1Z3TVyqZxU8kZpzEKhBdmCFqI6ZbmGtamQvQGuU1sgPTk8ZrXDD7jQ==}
    engines: {node: ^10 || ^12 || >=14}

  pusher-js@8.4.0-rc2:
    resolution: {integrity: sha512-d87GjOEEl9QgO5BWmViSqW0LOzPvybvX6WA9zLUstNdB57jVJuR27zHkRnrav2a3+zAMlHbP2Og8wug+rG8T+g==}

  react@18.3.1:
    resolution: {integrity: sha512-wS+hAgJShR0KhEvPJArfuPVN1+Hz1t0Y6n5jLrGQbkb4urgPE/0Rve+1kMB1v/oWgHgm4WIcV+i7F2pTVj+2iQ==}
    engines: {node: '>=0.10.0'}

  secure-json-parse@2.7.0:
    resolution: {integrity: sha512-6aU+Rwsezw7VR8/nyvKTx8QpWH9FrcYiXXlqC4z5d5XQBDRqtbfsRjnwGyqbi3gddNtWHuEk9OANUotL26qKUw==}

  source-map-js@1.2.1:
    resolution: {integrity: sha512-UXWMKhLOwVKb728IUtQPXxfYU+usdybtUrK/8uGE8CQMvrhOpwvzDBwj0QhSL7MQc7vIsISBG8VQ8+IDQxpfQA==}
    engines: {node: '>=0.10.0'}

  sswr@2.1.0:
    resolution: {integrity: sha512-Cqc355SYlTAaUt8iDPaC/4DPPXK925PePLMxyBKuWd5kKc5mwsG3nT9+Mq2tyguL5s7b4Jg+IRMpTRsNTAfpSQ==}
    peerDependencies:
      svelte: ^4.0.0 || ^5.0.0-next.0

  svelte@4.2.18:
    resolution: {integrity: sha512-d0FdzYIiAePqRJEb90WlJDkjUEx42xhivxN8muUBmfZnP+tzUgz12DJ2hRJi8sIHCME7jeK1PTMgKPSfTd8JrA==}
    engines: {node: '>=16'}

  swr@2.2.5:
    resolution: {integrity: sha512-QtxqyclFeAsxEUeZIYmsaQ0UjimSq1RZ9Un7I68/0ClKK/U3LoyQunwkQfJZr2fc22DfIXLNDc2wFyTEikCUpg==}
    peerDependencies:
      react: ^16.11.0 || ^17.0.0 || ^18.0.0

  swrev@4.0.0:
    resolution: {integrity: sha512-LqVcOHSB4cPGgitD1riJ1Hh4vdmITOp+BkmfmXRh4hSF/t7EnS4iD+SOTmq7w5pPm/SiPeto4ADbKS6dHUDWFA==}

  swrv@1.0.4:
    resolution: {integrity: sha512-zjEkcP8Ywmj+xOJW3lIT65ciY/4AL4e/Or7Gj0MzU3zBJNMdJiT8geVZhINavnlHRMMCcJLHhraLTAiDOTmQ9g==}
    peerDependencies:
      vue: '>=3.2.26 < 4'

  tr46@0.0.3:
    resolution: {integrity: sha512-N3WMsuqV66lT30CrXNbEjx4GEwlow3v6rr4mCcv6prnfwhS01rkgyFdjPNBYd9br7LpXV1+Emh01fHnq2Gdgrw==}

  tweetnacl@1.0.3:
    resolution: {integrity: sha512-6rt+RN7aOi1nGMyC4Xa5DdYiukl2UWCbcJft7YhxReBGQD7OAM8Pbxw6YMo4r2diNEA8FEmu32YOn9rhaiE5yw==}

  typescript@5.6.3:
    resolution: {integrity: sha512-hjcS1mhfuyi4WW8IWtjP7brDrG2cuDZukyrYrSauoXGNgx0S7zceP07adYkJycEr56BOUTNPzbInooiN3fn1qw==}
    engines: {node: '>=14.17'}
    hasBin: true

  undici-types@5.26.5:
    resolution: {integrity: sha512-JlCMO+ehdEIKqlFxk6IfVoAUVmgz7cU7zD/h9XZ0qzeosSHmUJVOzSQvvYSYWXkFXC+IfLKSIffhv0sVZup6pA==}

  use-sync-external-store@1.2.2:
    resolution: {integrity: sha512-PElTlVMwpblvbNqQ82d2n6RjStvdSoNe9FG28kNfz3WiXilJm4DdNkEzRhCZuIDwY8U08WVihhGR5iRqAwfDiw==}
    peerDependencies:
      react: ^16.8.0 || ^17.0.0 || ^18.0.0

  vue@3.4.36:
    resolution: {integrity: sha512-mIFvbLgjODfx3Iy1SrxOsiPpDb8Bo3EU+87ioimOZzZTOp15IEdAels70IjBOLO3ZFlLW5AhdwY4dWbXVQKYow==}
    peerDependencies:
      typescript: '*'
    peerDependenciesMeta:
      typescript:
        optional: true

  web-streams-polyfill@4.0.0-beta.3:
    resolution: {integrity: sha512-QW95TCTaHmsYfHDybGMwO5IJIM93I/6vTRk+daHTWFPhwh+C8Cg7j7XyKrwrj8Ib6vYXe0ocYNrmzY4xAAN6ug==}
    engines: {node: '>= 14'}

  webidl-conversions@3.0.1:
    resolution: {integrity: sha512-2JAn3z8AR6rjK8Sm8orRC0h/bcl/DqL7tRPdGZ4I1CjdF+EaMLmYxBHyXuKL849eucPFhvBoxMsflfOb8kxaeQ==}

  whatwg-url@5.0.0:
    resolution: {integrity: sha512-saE57nupxk6v3HY35+jzBwYa0rKSy0XR8JSxZPwgLr7ys0IBzhGviA1/TUGJLmSVqs8pb9AnvICXEuOHLprYTw==}

  zod-to-json-schema@3.22.5:
    resolution: {integrity: sha512-+akaPo6a0zpVCCseDed504KBJUQpEW5QZw7RMneNmKw+fGaML1Z9tUNLnHHAC8x6dzVRO1eB2oEMyZRnuBZg7Q==}
    peerDependencies:
      zod: ^3.22.4

  zod@3.23.8:
    resolution: {integrity: sha512-XBx9AXhXktjUqnepgTiE5flcKIYWi/rme0Eaj+5Y0lftuGBq+jyRu/md4WnuxqgP1ubdpNCsYEYPxrzVHD8d6g==}

snapshots:

  '@ai-sdk/openai@1.1.0(zod@3.23.8)':
    dependencies:
      '@ai-sdk/provider': 1.0.4
      '@ai-sdk/provider-utils': 2.1.0(zod@3.23.8)
      zod: 3.23.8

  '@ai-sdk/provider-utils@1.0.8(zod@3.23.8)':
    dependencies:
      '@ai-sdk/provider': 0.0.16
      eventsource-parser: 1.1.2
      nanoid: 3.3.6
      secure-json-parse: 2.7.0
    optionalDependencies:
      zod: 3.23.8

  '@ai-sdk/provider-utils@2.1.0(zod@3.23.8)':
    dependencies:
      '@ai-sdk/provider': 1.0.4
      eventsource-parser: 3.0.0
      nanoid: 3.3.8
      secure-json-parse: 2.7.0
    optionalDependencies:
      zod: 3.23.8

  '@ai-sdk/provider@0.0.16':
    dependencies:
      json-schema: 0.4.0

  '@ai-sdk/provider@1.0.4':
    dependencies:
      json-schema: 0.4.0

  '@ai-sdk/react@0.0.39(react@18.3.1)(zod@3.23.8)':
    dependencies:
      '@ai-sdk/provider-utils': 1.0.8(zod@3.23.8)
      '@ai-sdk/ui-utils': 0.0.27(zod@3.23.8)
      swr: 2.2.5(react@18.3.1)
    optionalDependencies:
      react: 18.3.1
      zod: 3.23.8

  '@ai-sdk/solid@0.0.30(zod@3.23.8)':
    dependencies:
      '@ai-sdk/provider-utils': 1.0.8(zod@3.23.8)
      '@ai-sdk/ui-utils': 0.0.27(zod@3.23.8)
    transitivePeerDependencies:
      - zod

  '@ai-sdk/svelte@0.0.32(svelte@4.2.18)(zod@3.23.8)':
    dependencies:
      '@ai-sdk/provider-utils': 1.0.8(zod@3.23.8)
      '@ai-sdk/ui-utils': 0.0.27(zod@3.23.8)
      sswr: 2.1.0(svelte@4.2.18)
    optionalDependencies:
      svelte: 4.2.18
    transitivePeerDependencies:
      - zod

  '@ai-sdk/ui-utils@0.0.27(zod@3.23.8)':
    dependencies:
      '@ai-sdk/provider': 0.0.16
      '@ai-sdk/provider-utils': 1.0.8(zod@3.23.8)
      secure-json-parse: 2.7.0
    optionalDependencies:
      zod: 3.23.8

  '@ai-sdk/vue@0.0.31(vue@3.4.36(typescript@5.6.3))(zod@3.23.8)':
    dependencies:
      '@ai-sdk/provider-utils': 1.0.8(zod@3.23.8)
      '@ai-sdk/ui-utils': 0.0.27(zod@3.23.8)
      swrv: 1.0.4(vue@3.4.36(typescript@5.6.3))
    optionalDependencies:
      vue: 3.4.36(typescript@5.6.3)
    transitivePeerDependencies:
      - zod

  '@ampproject/remapping@2.3.0':
    dependencies:
      '@jridgewell/gen-mapping': 0.3.8
      '@jridgewell/trace-mapping': 0.3.25

  '@babel/helper-string-parser@7.25.9': {}

  '@babel/helper-validator-identifier@7.25.9': {}

  '@babel/parser@7.26.5':
    dependencies:
      '@babel/types': 7.26.5

  '@babel/types@7.26.5':
    dependencies:
      '@babel/helper-string-parser': 7.25.9
      '@babel/helper-validator-identifier': 7.25.9

  '@jridgewell/gen-mapping@0.3.8':
    dependencies:
      '@jridgewell/set-array': 1.2.1
      '@jridgewell/sourcemap-codec': 1.5.0
      '@jridgewell/trace-mapping': 0.3.25

  '@jridgewell/resolve-uri@3.1.2': {}

  '@jridgewell/set-array@1.2.1': {}

  '@jridgewell/sourcemap-codec@1.5.0': {}

  '@jridgewell/trace-mapping@0.3.25':
    dependencies:
      '@jridgewell/resolve-uri': 3.1.2
      '@jridgewell/sourcemap-codec': 1.5.0

  '@opentelemetry/api@1.9.0': {}

  '@types/diff-match-patch@1.0.36': {}

  '@types/estree@1.0.6': {}

  '@types/node-fetch@2.6.12':
    dependencies:
      '@types/node': 18.19.71
      form-data: 4.0.1
    optional: true

  '@types/node@18.19.71':
    dependencies:
      undici-types: 5.26.5
    optional: true

  '@vue/compiler-core@3.4.36':
    dependencies:
      '@babel/parser': 7.26.5
      '@vue/shared': 3.4.36
      entities: 5.0.0
      estree-walker: 2.0.2
      source-map-js: 1.2.1

  '@vue/compiler-dom@3.4.36':
    dependencies:
      '@vue/compiler-core': 3.4.36
      '@vue/shared': 3.4.36

  '@vue/compiler-sfc@3.4.36':
    dependencies:
      '@babel/parser': 7.26.5
      '@vue/compiler-core': 3.4.36
      '@vue/compiler-dom': 3.4.36
      '@vue/compiler-ssr': 3.4.36
      '@vue/shared': 3.4.36
      estree-walker: 2.0.2
      magic-string: 0.30.17
      postcss: 8.5.1
      source-map-js: 1.2.1

  '@vue/compiler-ssr@3.4.36':
    dependencies:
      '@vue/compiler-dom': 3.4.36
      '@vue/shared': 3.4.36

  '@vue/reactivity@3.4.36':
    dependencies:
      '@vue/shared': 3.4.36

  '@vue/runtime-core@3.4.36':
    dependencies:
      '@vue/reactivity': 3.4.36
      '@vue/shared': 3.4.36

  '@vue/runtime-dom@3.4.36':
    dependencies:
      '@vue/reactivity': 3.4.36
      '@vue/runtime-core': 3.4.36
      '@vue/shared': 3.4.36
      csstype: 3.1.3

  '@vue/server-renderer@3.4.36(vue@3.4.36(typescript@5.6.3))':
    dependencies:
      '@vue/compiler-ssr': 3.4.36
      '@vue/shared': 3.4.36
      vue: 3.4.36(typescript@5.6.3)

  '@vue/shared@3.4.36': {}

  abort-controller@3.0.0:
    dependencies:
      event-target-shim: 5.0.1
    optional: true

  acorn@8.14.0: {}

  agentkeepalive@4.6.0:
    dependencies:
      humanize-ms: 1.2.1
    optional: true

  ai@3.3.3(openai@4.68.4(zod@3.23.8))(react@18.3.1)(sswr@2.1.0(svelte@4.2.18))(svelte@4.2.18)(vue@3.4.36(typescript@5.6.3))(zod@3.23.8):
    dependencies:
      '@ai-sdk/provider': 0.0.16
      '@ai-sdk/provider-utils': 1.0.8(zod@3.23.8)
      '@ai-sdk/react': 0.0.39(react@18.3.1)(zod@3.23.8)
      '@ai-sdk/solid': 0.0.30(zod@3.23.8)
      '@ai-sdk/svelte': 0.0.32(svelte@4.2.18)(zod@3.23.8)
      '@ai-sdk/ui-utils': 0.0.27(zod@3.23.8)
      '@ai-sdk/vue': 0.0.31(vue@3.4.36(typescript@5.6.3))(zod@3.23.8)
      '@opentelemetry/api': 1.9.0
      eventsource-parser: 1.1.2
      json-schema: 0.4.0
      jsondiffpatch: 0.6.0
      nanoid: 3.3.6
      secure-json-parse: 2.7.0
      zod-to-json-schema: 3.22.5(zod@3.23.8)
    optionalDependencies:
      openai: 4.68.4(zod@3.23.8)
      react: 18.3.1
      sswr: 2.1.0(svelte@4.2.18)
      svelte: 4.2.18
      zod: 3.23.8
    transitivePeerDependencies:
      - solid-js
      - vue

  aria-query@5.3.2: {}

  asynckit@0.4.0:
    optional: true

  axobject-query@4.1.0: {}

  chalk@5.3.0: {}

  client-only@0.0.1: {}

  code-red@1.0.4:
    dependencies:
      '@jridgewell/sourcemap-codec': 1.5.0
      '@types/estree': 1.0.6
      acorn: 8.14.0
      estree-walker: 3.0.3
      periscopic: 3.1.0

  combined-stream@1.0.8:
    dependencies:
      delayed-stream: 1.0.0
    optional: true

  composio-core@0.4.8:
    dependencies:
      pusher-js: 8.4.0-rc2

  css-tree@2.3.1:
    dependencies:
      mdn-data: 2.0.30
      source-map-js: 1.2.1

  csstype@3.1.3: {}

  delayed-stream@1.0.0:
    optional: true

  diff-match-patch@1.0.5: {}

  dotenv@16.4.5: {}

  entities@5.0.0: {}

  estree-walker@2.0.2: {}

  estree-walker@3.0.3:
    dependencies:
      '@types/estree': 1.0.6

  event-target-shim@5.0.1:
    optional: true

  eventsource-parser@1.1.2: {}

  eventsource-parser@3.0.0: {}

  form-data-encoder@1.7.2:
    optional: true

  form-data@4.0.1:
    dependencies:
      asynckit: 0.4.0
      combined-stream: 1.0.8
      mime-types: 2.1.35
    optional: true

  formdata-node@4.4.1:
    dependencies:
      node-domexception: 1.0.0
      web-streams-polyfill: 4.0.0-beta.3
    optional: true

  humanize-ms@1.2.1:
    dependencies:
      ms: 2.1.3
    optional: true

  is-reference@3.0.3:
    dependencies:
      '@types/estree': 1.0.6

  js-tokens@4.0.0: {}

  json-schema@0.4.0: {}

  jsondiffpatch@0.6.0:
    dependencies:
      '@types/diff-match-patch': 1.0.36
      chalk: 5.3.0
      diff-match-patch: 1.0.5

  locate-character@3.0.0: {}

  loose-envify@1.4.0:
    dependencies:
      js-tokens: 4.0.0

  magic-string@0.30.17:
    dependencies:
      '@jridgewell/sourcemap-codec': 1.5.0

  mdn-data@2.0.30: {}

  mime-db@1.52.0:
    optional: true

  mime-types@2.1.35:
    dependencies:
      mime-db: 1.52.0
    optional: true

  ms@2.1.3:
    optional: true

  nanoid@3.3.6: {}

  nanoid@3.3.8: {}

  node-domexception@1.0.0:
    optional: true

  node-fetch@2.7.0:
    dependencies:
      whatwg-url: 5.0.0
    optional: true

  openai@4.68.4(zod@3.23.8):
    dependencies:
      '@types/node': 18.19.71
      '@types/node-fetch': 2.6.12
      abort-controller: 3.0.0
      agentkeepalive: 4.6.0
      form-data-encoder: 1.7.2
      formdata-node: 4.4.1
      node-fetch: 2.7.0
    optionalDependencies:
      zod: 3.23.8
    transitivePeerDependencies:
      - encoding
    optional: true

  periscopic@3.1.0:
    dependencies:
      '@types/estree': 1.0.6
      estree-walker: 3.0.3
      is-reference: 3.0.3

  picocolors@1.1.1: {}

  postcss@8.5.1:
    dependencies:
      nanoid: 3.3.8
      picocolors: 1.1.1
      source-map-js: 1.2.1

  pusher-js@8.4.0-rc2:
    dependencies:
      tweetnacl: 1.0.3

  react@18.3.1:
    dependencies:
      loose-envify: 1.4.0

  secure-json-parse@2.7.0: {}

  source-map-js@1.2.1: {}

  sswr@2.1.0(svelte@4.2.18):
    dependencies:
      svelte: 4.2.18
      swrev: 4.0.0

  svelte@4.2.18:
    dependencies:
      '@ampproject/remapping': 2.3.0
      '@jridgewell/sourcemap-codec': 1.5.0
      '@jridgewell/trace-mapping': 0.3.25
      '@types/estree': 1.0.6
      acorn: 8.14.0
      aria-query: 5.3.2
      axobject-query: 4.1.0
      code-red: 1.0.4
      css-tree: 2.3.1
      estree-walker: 3.0.3
      is-reference: 3.0.3
      locate-character: 3.0.0
      magic-string: 0.30.17
      periscopic: 3.1.0

  swr@2.2.5(react@18.3.1):
    dependencies:
      client-only: 0.0.1
      react: 18.3.1
      use-sync-external-store: 1.2.2(react@18.3.1)

  swrev@4.0.0: {}

  swrv@1.0.4(vue@3.4.36(typescript@5.6.3)):
    dependencies:
      vue: 3.4.36(typescript@5.6.3)

  tr46@0.0.3:
    optional: true

  tweetnacl@1.0.3: {}

  typescript@5.6.3:
    optional: true

  undici-types@5.26.5:
    optional: true

  use-sync-external-store@1.2.2(react@18.3.1):
    dependencies:
      react: 18.3.1

  vue@3.4.36(typescript@5.6.3):
    dependencies:
      '@vue/compiler-dom': 3.4.36
      '@vue/compiler-sfc': 3.4.36
      '@vue/runtime-dom': 3.4.36
      '@vue/server-renderer': 3.4.36(vue@3.4.36(typescript@5.6.3))
      '@vue/shared': 3.4.36
    optionalDependencies:
      typescript: 5.6.3

  web-streams-polyfill@4.0.0-beta.3:
    optional: true

  webidl-conversions@3.0.1:
    optional: true

  whatwg-url@5.0.0:
    dependencies:
      tr46: 0.0.3
      webidl-conversions: 3.0.1
    optional: true

  zod-to-json-schema@3.22.5(zod@3.23.8):
    dependencies:
      zod: 3.23.8

  zod@3.23.8: {}
